<?xml version="1.0" encoding="utf-8"?>
<Project ToolsVersion="4.0" xmlns="http://schemas.microsoft.com/developer/msbuild/2003">
  <ItemGroup>
    <Filter Include="Source Files">
      <UniqueIdentifier>{4FC737F1-C7A5-4376-A066-2A32D752A2FF}</UniqueIdentifier>
      <Extensions>cpp;c;cc;cxx;c++;cppm;ixx;def;odl;idl;hpj;bat;asm;asmx</Extensions>
    </Filter>
    <Filter Include="Header Files">
      <UniqueIdentifier>{93995380-89BD-4b04-88EB-625FBE52EBFB}</UniqueIdentifier>
      <Extensions>h;hh;hpp;hxx;h++;hm;inl;inc;ipp;xsd</Extensions>
    </Filter>
    <Filter Include="Resource Files">
      <UniqueIdentifier>{67DA6AB6-F800-4c08-8B7A-83BB121AAD01}</UniqueIdentifier>
      <Extensions>rc;ico;cur;bmp;dlg;rc2;rct;bin;rgs;gif;jpg;jpeg;jpe;resx;tiff;tif;png;wav;mfcribbon-ms</Extensions>
    </Filter>
    <Filter Include="Source Files\Common">
      <UniqueIdentifier>{41526fb5-d04b-4755-b240-0d9dbd277472}</UniqueIdentifier>
    </Filter>
    <Filter Include="Header Files\Common">
      <UniqueIdentifier>{b308c422-b11e-4fa6-b08c-caccbd69c9e7}</UniqueIdentifier>
    </Filter>
    <Filter Include="Header Files\Core">
      <UniqueIdentifier>{3eb1a3da-9861-4aea-a1e0-fc09017415fc}</UniqueIdentifier>
    </Filter>
    <Filter Include="Source Files\Core">
      <UniqueIdentifier>{e82c538c-9fab-44c0-a146-5a1598eec53f}</UniqueIdentifier>
    </Filter>
    <Filter Include="Header Files\RHI">
      <UniqueIdentifier>{7714b01a-76c4-4c8e-9638-cfa263687042}</UniqueIdentifier>
    </Filter>
    <Filter Include="Source Files\RHI">
      <UniqueIdentifier>{cddb755b-d50c-4393-b0bc-b06e1d341aa1}</UniqueIdentifier>
    </Filter>
    <Filter Include="Header Files\Render">
      <UniqueIdentifier>{baa30145-ac9f-42a1-a0f2-9846e0d6dffb}</UniqueIdentifier>
    </Filter>
    <Filter Include="Source Files\Render">
      <UniqueIdentifier>{087d9a33-9d8d-4a09-9ff6-bd072bee6888}</UniqueIdentifier>
    </Filter>
    <Filter Include="Source Files\Window">
      <UniqueIdentifier>{9ed78ae1-f786-4e4d-b3f5-238830063ac9}</UniqueIdentifier>
    </Filter>
    <Filter Include="Header Files\Window">
      <UniqueIdentifier>{da8b0f26-7ba4-41e6-adf9-ed7903b1547c}</UniqueIdentifier>
    </Filter>
    <Filter Include="Shaders">
      <UniqueIdentifier>{6e40f659-8e68-4ac7-9a01-272b84c37209}</UniqueIdentifier>
    </Filter>
    <Filter Include="Source Files\Scene">
      <UniqueIdentifier>{2213e80c-d748-401c-9f67-b1411bf2fabf}</UniqueIdentifier>
    </Filter>
    <Filter Include="Header Files\Scene">
      <UniqueIdentifier>{4f8aa059-c80a-4bf9-b962-23d774e4ff50}</UniqueIdentifier>
    </Filter>
    <Filter Include="Header Files\Input">
      <UniqueIdentifier>{61d65eaf-b072-4abe-a716-4dc84a632a2e}</UniqueIdentifier>
    </Filter>
    <Filter Include="Source Files\Input">
      <UniqueIdentifier>{2c47d1b5-52ee-4d1b-81c0-83f8ef9dc0be}</UniqueIdentifier>
    </Filter>
    <Filter Include="Header Files\Resource">
      <UniqueIdentifier>{2becdfc3-7839-4e3e-8509-4e677df5b6d5}</UniqueIdentifier>
    </Filter>
    <Filter Include="Source Files\Resource">
      <UniqueIdentifier>{1fda8034-f6f8-48c8-bf76-ce58ddfcf1a8}</UniqueIdentifier>
    </Filter>
  </ItemGroup>
  <ItemGroup>
    <ClInclude Include="resource.h">
      <Filter>Header Files</Filter>
    </ClInclude>
    <ClInclude Include="stdafx.h">
      <Filter>Header Files</Filter>
    </ClInclude>
    <ClInclude Include="d3dUtil.h">
      <Filter>Header Files\Common</Filter>
    </ClInclude>
    <ClInclude Include="MathHelper.h">
      <Filter>Header Files\Common</Filter>
    </ClInclude>
    <ClInclude Include="d3dx12.h">
      <Filter>Header Files\Common</Filter>
    </ClInclude>
    <ClInclude Include="AEngine.h">
      <Filter>Header Files\Core</Filter>
    </ClInclude>
    <ClInclude Include="ARHI.h">
      <Filter>Header Files\RHI</Filter>
    </ClInclude>
    <ClInclude Include="ADefine.h">
      <Filter>Header Files</Filter>
    </ClInclude>
    <ClInclude Include="Singleton.h">
      <Filter>Header Files</Filter>
    </ClInclude>
    <ClInclude Include="ARHIDX12.h">
      <Filter>Header Files\RHI</Filter>
    </ClInclude>
    <ClInclude Include="ARenderer.h">
      <Filter>Header Files\Render</Filter>
    </ClInclude>
    <ClInclude Include="RHIBuilder.h">
      <Filter>Header Files\RHI</Filter>
    </ClInclude>
    <ClInclude Include="AGameTimer.h">
      <Filter>Header Files\Core</Filter>
    </ClInclude>
    <ClInclude Include="AWindow.h">
      <Filter>Header Files\Window</Filter>
    </ClInclude>
    <ClInclude Include="AWindowWin32.h">
      <Filter>Header Files\Window</Filter>
    </ClInclude>
    <ClInclude Include="WindowBuilder.h">
      <Filter>Header Files\Window</Filter>
    </ClInclude>
    <ClInclude Include="UploadBuffer.h">
      <Filter>Header Files\Common</Filter>
    </ClInclude>
    <ClInclude Include="ACamera.h">
      <Filter>Header Files\Scene</Filter>
    </ClInclude>
    <ClInclude Include="AInput.h">
      <Filter>Header Files\Input</Filter>
    </ClInclude>
    <ClInclude Include="AInputWin32.h">
      <Filter>Header Files\Input</Filter>
    </ClInclude>
    <ClInclude Include="InputBuilder.h">
      <Filter>Header Files\Input</Filter>
    </ClInclude>
    <ClInclude Include="ACameraController.h">
      <Filter>Header Files\Scene</Filter>
    </ClInclude>
    <ClInclude Include="AScene.h">
      <Filter>Header Files\Scene</Filter>
    </ClInclude>
    <ClInclude Include="AssetManager.h">
      <Filter>Header Files\Resource</Filter>
    </ClInclude>
    <ClInclude Include="CommonResourceDefine.h">
      <Filter>Header Files\Resource</Filter>
    </ClInclude>
    <ClInclude Include="Actor.h">
      <Filter>Header Files\Resource</Filter>
    </ClInclude>
    <ClInclude Include="ARenderScene.h">
      <Filter>Header Files\Scene</Filter>
    </ClInclude>
    <ClInclude Include="ARenderItem.h">
      <Filter>Header Files\Render</Filter>
    </ClInclude>
    <ClInclude Include="ARenderResource.h">
      <Filter>Header Files\Resource</Filter>
    </ClInclude>
    <ClInclude Include="AResource.h">
      <Filter>Header Files\Resource</Filter>
    </ClInclude>
    <ClInclude Include="ABuffer.h">
      <Filter>Header Files\Resource</Filter>
    </ClInclude>
    <ClInclude Include="DDSTextureLoader.h">
      <Filter>Header Files\Common</Filter>
    </ClInclude>
    <ClInclude Include="AShader.h">
      <Filter>Header Files\Resource</Filter>
    </ClInclude>
    <ClInclude Include="AMaterialManager.h">
      <Filter>Header Files\Resource</Filter>
    </ClInclude>
    <ClInclude Include="AMaterial.h">
      <Filter>Header Files\Resource</Filter>
    </ClInclude>
    <ClInclude Include="ATexture.h">
      <Filter>Header Files\Resource</Filter>
    </ClInclude>
    <ClInclude Include="ADirectionalLight.h">
      <Filter>Header Files\Scene</Filter>
    </ClInclude>
    <ClInclude Include="APSO.h">
      <Filter>Header Files\Render</Filter>
    </ClInclude>
    <ClInclude Include="DXRHIResource.h">
      <Filter>Header Files\Resource</Filter>
    </ClInclude>
    <ClInclude Include="AShadowResource.h">
      <Filter>Header Files\Resource</Filter>
    </ClInclude>
    <ClInclude Include="AHDRResource.h">
      <Filter>Header Files\Resource</Filter>
    </ClInclude>
  </ItemGroup>
  <ItemGroup>
    <ResourceCompile Include="AlphaEngine.rc">
      <Filter>Resource Files</Filter>
    </ResourceCompile>
  </ItemGroup>
  <ItemGroup>
    <ClCompile Include="stdafx.cpp">
      <Filter>Source Files</Filter>
    </ClCompile>
    <ClCompile Include="d3dUtil.cpp">
      <Filter>Source Files\Common</Filter>
    </ClCompile>
    <ClCompile Include="MathHelper.cpp">
      <Filter>Source Files\Common</Filter>
    </ClCompile>
    <ClCompile Include="ARHI.cpp">
      <Filter>Source Files\RHI</Filter>
    </ClCompile>
    <ClCompile Include="AEngine.cpp">
      <Filter>Source Files\Core</Filter>
    </ClCompile>
    <ClCompile Include="ARHIDX12.cpp">
      <Filter>Source Files\RHI</Filter>
    </ClCompile>
    <ClCompile Include="ARenderer.cpp">
      <Filter>Source Files\Render</Filter>
    </ClCompile>
    <ClCompile Include="RHIBuilder.cpp">
      <Filter>Source Files\RHI</Filter>
    </ClCompile>
    <ClCompile Include="AGameTimer.cpp">
      <Filter>Source Files\Core</Filter>
    </ClCompile>
    <ClCompile Include="AWindowWin32.cpp">
      <Filter>Source Files\Window</Filter>
    </ClCompile>
    <ClCompile Include="WindowBuilder.cpp">
      <Filter>Source Files\Window</Filter>
    </ClCompile>
    <ClCompile Include="UploadBuffer.cpp">
      <Filter>Source Files\Common</Filter>
    </ClCompile>
    <ClCompile Include="ACamera.cpp">
      <Filter>Source Files\Scene</Filter>
    </ClCompile>
    <ClCompile Include="AInputWin32.cpp">
      <Filter>Source Files\Input</Filter>
    </ClCompile>
    <ClCompile Include="InputBuilder.cpp">
      <Filter>Source Files\Input</Filter>
    </ClCompile>
    <ClCompile Include="AWindow.cpp">
      <Filter>Source Files\Window</Filter>
    </ClCompile>
    <ClCompile Include="ACameraController.cpp">
      <Filter>Source Files\Scene</Filter>
    </ClCompile>
    <ClCompile Include="AScene.cpp">
      <Filter>Source Files\Scene</Filter>
    </ClCompile>
    <ClCompile Include="AssetManager.cpp">
      <Filter>Source Files\Resource</Filter>
    </ClCompile>
    <ClCompile Include="Actor.cpp">
      <Filter>Source Files\Resource</Filter>
    </ClCompile>
    <ClCompile Include="ARenderScene.cpp">
      <Filter>Source Files\Scene</Filter>
    </ClCompile>
    <ClCompile Include="ARenderItem.cpp">
      <Filter>Source Files\Render</Filter>
    </ClCompile>
    <ClCompile Include="AResource.cpp">
      <Filter>Source Files\Resource</Filter>
    </ClCompile>
    <ClCompile Include="ARenderResource.cpp">
      <Filter>Source Files\Resource</Filter>
    </ClCompile>
    <ClCompile Include="ABuffer.cpp">
      <Filter>Source Files\Resource</Filter>
    </ClCompile>
    <ClCompile Include="DDSTextureLoader.cpp">
      <Filter>Source Files\Common</Filter>
    </ClCompile>
    <ClCompile Include="AShader.cpp">
      <Filter>Source Files\Resource</Filter>
    </ClCompile>
    <ClCompile Include="AMaterial.cpp">
      <Filter>Source Files\Resource</Filter>
    </ClCompile>
    <ClCompile Include="AMaterialManager.cpp">
      <Filter>Source Files\Resource</Filter>
    </ClCompile>
    <ClCompile Include="ATexture.cpp">
      <Filter>Source Files\Resource</Filter>
    </ClCompile>
    <ClCompile Include="ADirectionalLight.cpp">
      <Filter>Source Files\Scene</Filter>
    </ClCompile>
    <ClCompile Include="APSO.cpp">
      <Filter>Source Files\Render</Filter>
    </ClCompile>
    <ClCompile Include="AShadowResource.cpp">
      <Filter>Source Files\Resource</Filter>
    </ClCompile>
    <ClCompile Include="DXRHIResource.cpp">
      <Filter>Source Files\Resource</Filter>
    </ClCompile>
    <ClCompile Include="AHDRResource.cpp">
      <Filter>Source Files\Resource</Filter>
    </ClCompile>
  </ItemGroup>
  <ItemGroup>
    <None Include="Shaders\Color.hlsl">
      <Filter>Shaders</Filter>
    </None>
    <None Include="Shaders\CommonHeader.hlsli">
      <Filter>Shaders</Filter>
    </None>
    <None Include="Shaders\ShadowMap.hlsl">
      <Filter>Shaders</Filter>
    </None>
    <None Include="Shaders\HightLight.hlsl">
      <Filter>Shaders</Filter>
    </None>
    <None Include="Shaders\BloomSetup.hlsl">
      <Filter>Shaders</Filter>
    </None>
    <None Include="Shaders\BloomDown.hlsl">
      <Filter>Shaders</Filter>
    </None>
    <None Include="Shaders\BloomSunMerge.hlsl">
      <Filter>Shaders</Filter>
    </None>
    <None Include="Shaders\BloomUp.hlsl">
      <Filter>Shaders</Filter>
    </None>
    <None Include="Shaders\ToneMapping.hlsl">
      <Filter>Shaders</Filter>
    </None>
    <None Include="Shaders\Glitch.hlsl">
      <Filter>Shaders</Filter>
    </None>
  </ItemGroup>
</Project>